{
    "name": "cs467_frontend",
    "version": "1.0.0",
    "lockfileVersion": 2,
    "requires": true,
    "packages": {
        "": {
            "name": "cs467_frontend",
            "version": "1.0.0",
            "license": "ISC",
            "engines": {
                "node": "18.7.0"
            }
        }
    }
}
